// !$*UTF8*$!
{
	archiveVersion = 1;
	classes = {
	};
	objectVersion = 50;
	objects = {

/* Begin PBXBuildFile section */
		A122D3B6227CC7EE00E83791 /* LoginVC.swift in Sources */ = {isa = PBXBuildFile; fileRef = A122D3B5227CC7EE00E83791 /* LoginVC.swift */; };
		A122D3B8227CD09900E83791 /* Fonts in Resources */ = {isa = PBXBuildFile; fileRef = A122D3B7227CD09900E83791 /* Fonts */; };
		A122D3BA227CD71700E83791 /* MainVC.swift in Sources */ = {isa = PBXBuildFile; fileRef = A122D3B9227CD71700E83791 /* MainVC.swift */; };
		A122D3BF227CD83800E83791 /* Event.swift in Sources */ = {isa = PBXBuildFile; fileRef = A122D3BE227CD83800E83791 /* Event.swift */; };
		A122D3C1227CD99000E83791 /* Attendee.swift in Sources */ = {isa = PBXBuildFile; fileRef = A122D3C0227CD99000E83791 /* Attendee.swift */; };
		A122D3C3227CDCC500E83791 /* GoogleService-Info.plist in Resources */ = {isa = PBXBuildFile; fileRef = A122D3C2227CDCC500E83791 /* GoogleService-Info.plist */; };
		A126E94D227CB9D900E3AE5D /* Extensions.swift in Sources */ = {isa = PBXBuildFile; fileRef = A126E94C227CB9D900E3AE5D /* Extensions.swift */; };
		A126E94F227CBC4000E3AE5D /* LaunchVC.swift in Sources */ = {isa = PBXBuildFile; fileRef = A126E94E227CBC4000E3AE5D /* LaunchVC.swift */; };
		A1742FF6227C82E600E26F82 /* AppDelegate.swift in Sources */ = {isa = PBXBuildFile; fileRef = A1742FF5227C82E600E26F82 /* AppDelegate.swift */; };
		A1742FFB227C82E600E26F82 /* Main.storyboard in Resources */ = {isa = PBXBuildFile; fileRef = A1742FF9227C82E600E26F82 /* Main.storyboard */; };
		A1742FFD227C82E700E26F82 /* Assets.xcassets in Resources */ = {isa = PBXBuildFile; fileRef = A1742FFC227C82E700E26F82 /* Assets.xcassets */; };
		A1743000227C82E700E26F82 /* LaunchScreen.storyboard in Resources */ = {isa = PBXBuildFile; fileRef = A1742FFE227C82E700E26F82 /* LaunchScreen.storyboard */; };
		A1EC5EFA227DA2D8007195BD /* PwCEventAPI.swift in Sources */ = {isa = PBXBuildFile; fileRef = A1EC5EF9227DA2D7007195BD /* PwCEventAPI.swift */; };
		A1EC5EFE227DA53B007195BD /* Status.swift in Sources */ = {isa = PBXBuildFile; fileRef = A1EC5EFD227DA53B007195BD /* Status.swift */; };
		A1EC5F01227DB031007195BD /* EventCell.swift in Sources */ = {isa = PBXBuildFile; fileRef = A1EC5F00227DB031007195BD /* EventCell.swift */; };
		A1EC5F03227DC098007195BD /* EventVC.swift in Sources */ = {isa = PBXBuildFile; fileRef = A1EC5F02227DC098007195BD /* EventVC.swift */; };
		A1EC5F07227DDCFF007195BD /* SpecificEventCell.swift in Sources */ = {isa = PBXBuildFile; fileRef = A1EC5F06227DDCFF007195BD /* SpecificEventCell.swift */; };
		A1EC5F09227DEF54007195BD /* AddEventVC.swift in Sources */ = {isa = PBXBuildFile; fileRef = A1EC5F08227DEF54007195BD /* AddEventVC.swift */; };
		CF63A1DC6E99D7B8667909DD /* Pods_PwC_task.framework in Frameworks */ = {isa = PBXBuildFile; fileRef = 5570694EC46EB5063A9B00DF /* Pods_PwC_task.framework */; };
/* End PBXBuildFile section */

/* Begin PBXFileReference section */
		5570694EC46EB5063A9B00DF /* Pods_PwC_task.framework */ = {isa = PBXFileReference; explicitFileType = wrapper.framework; includeInIndex = 0; path = Pods_PwC_task.framework; sourceTree = BUILT_PRODUCTS_DIR; };
		8D3E0D7E3B9EB4C579D0AD75 /* Pods-PwC task.release.xcconfig */ = {isa = PBXFileReference; includeInIndex = 1; lastKnownFileType = text.xcconfig; name = "Pods-PwC task.release.xcconfig"; path = "Pods/Target Support Files/Pods-PwC task/Pods-PwC task.release.xcconfig"; sourceTree = "<group>"; };
		964FF40D7C742BB4BD5977F9 /* Pods-PwC task.debug.xcconfig */ = {isa = PBXFileReference; includeInIndex = 1; lastKnownFileType = text.xcconfig; name = "Pods-PwC task.debug.xcconfig"; path = "Pods/Target Support Files/Pods-PwC task/Pods-PwC task.debug.xcconfig"; sourceTree = "<group>"; };
		A122D3B5227CC7EE00E83791 /* LoginVC.swift */ = {isa = PBXFileReference; lastKnownFileType = sourcecode.swift; path = LoginVC.swift; sourceTree = "<group>"; };
		A122D3B7227CD09900E83791 /* Fonts */ = {isa = PBXFileReference; lastKnownFileType = folder; path = Fonts; sourceTree = "<group>"; };
		A122D3B9227CD71700E83791 /* MainVC.swift */ = {isa = PBXFileReference; lastKnownFileType = sourcecode.swift; path = MainVC.swift; sourceTree = "<group>"; };
		A122D3BE227CD83800E83791 /* Event.swift */ = {isa = PBXFileReference; lastKnownFileType = sourcecode.swift; path = Event.swift; sourceTree = "<group>"; };
		A122D3C0227CD99000E83791 /* Attendee.swift */ = {isa = PBXFileReference; lastKnownFileType = sourcecode.swift; path = Attendee.swift; sourceTree = "<group>"; };
		A122D3C2227CDCC500E83791 /* GoogleService-Info.plist */ = {isa = PBXFileReference; fileEncoding = 4; lastKnownFileType = text.plist.xml; path = "GoogleService-Info.plist"; sourceTree = "<group>"; };
		A126E94C227CB9D900E3AE5D /* Extensions.swift */ = {isa = PBXFileReference; lastKnownFileType = sourcecode.swift; path = Extensions.swift; sourceTree = "<group>"; };
		A126E94E227CBC4000E3AE5D /* LaunchVC.swift */ = {isa = PBXFileReference; lastKnownFileType = sourcecode.swift; path = LaunchVC.swift; sourceTree = "<group>"; };
		A1742FF2227C82E600E26F82 /* PwC task.app */ = {isa = PBXFileReference; explicitFileType = wrapper.application; includeInIndex = 0; path = "PwC task.app"; sourceTree = BUILT_PRODUCTS_DIR; };
		A1742FF5227C82E600E26F82 /* AppDelegate.swift */ = {isa = PBXFileReference; lastKnownFileType = sourcecode.swift; path = AppDelegate.swift; sourceTree = "<group>"; };
		A1742FFA227C82E600E26F82 /* Base */ = {isa = PBXFileReference; lastKnownFileType = file.storyboard; name = Base; path = Base.lproj/Main.storyboard; sourceTree = "<group>"; };
		A1742FFC227C82E700E26F82 /* Assets.xcassets */ = {isa = PBXFileReference; lastKnownFileType = folder.assetcatalog; path = Assets.xcassets; sourceTree = "<group>"; };
		A1742FFF227C82E700E26F82 /* Base */ = {isa = PBXFileReference; lastKnownFileType = file.storyboard; name = Base; path = Base.lproj/LaunchScreen.storyboard; sourceTree = "<group>"; };
		A1743001227C82E700E26F82 /* Info.plist */ = {isa = PBXFileReference; lastKnownFileType = text.plist.xml; path = Info.plist; sourceTree = "<group>"; };
		A1EC5EF9227DA2D7007195BD /* PwCEventAPI.swift */ = {isa = PBXFileReference; lastKnownFileType = sourcecode.swift; path = PwCEventAPI.swift; sourceTree = "<group>"; };
		A1EC5EFD227DA53B007195BD /* Status.swift */ = {isa = PBXFileReference; lastKnownFileType = sourcecode.swift; path = Status.swift; sourceTree = "<group>"; };
		A1EC5F00227DB031007195BD /* EventCell.swift */ = {isa = PBXFileReference; lastKnownFileType = sourcecode.swift; path = EventCell.swift; sourceTree = "<group>"; };
		A1EC5F02227DC098007195BD /* EventVC.swift */ = {isa = PBXFileReference; lastKnownFileType = sourcecode.swift; path = EventVC.swift; sourceTree = "<group>"; };
		A1EC5F06227DDCFF007195BD /* SpecificEventCell.swift */ = {isa = PBXFileReference; lastKnownFileType = sourcecode.swift; path = SpecificEventCell.swift; sourceTree = "<group>"; };
		A1EC5F08227DEF54007195BD /* AddEventVC.swift */ = {isa = PBXFileReference; lastKnownFileType = sourcecode.swift; path = AddEventVC.swift; sourceTree = "<group>"; };
/* End PBXFileReference section */

/* Begin PBXFrameworksBuildPhase section */
		A1742FEF227C82E600E26F82 /* Frameworks */ = {
			isa = PBXFrameworksBuildPhase;
			buildActionMask = 2147483647;
			files = (
				CF63A1DC6E99D7B8667909DD /* Pods_PwC_task.framework in Frameworks */,
			);
			runOnlyForDeploymentPostprocessing = 0;
		};
/* End PBXFrameworksBuildPhase section */

/* Begin PBXGroup section */
		A122D3BB227CD72600E83791 /* Controllers */ = {
			isa = PBXGroup;
			children = (
				A126E94E227CBC4000E3AE5D /* LaunchVC.swift */,
				A122D3B5227CC7EE00E83791 /* LoginVC.swift */,
				A122D3B9227CD71700E83791 /* MainVC.swift */,
				A1EC5F02227DC098007195BD /* EventVC.swift */,
				A1EC5F08227DEF54007195BD /* AddEventVC.swift */,
			);
			path = Controllers;
			sourceTree = "<group>";
		};
		A122D3BC227CD7B700E83791 /* Views */ = {
			isa = PBXGroup;
			children = (
				A1EC5F00227DB031007195BD /* EventCell.swift */,
				A1EC5F06227DDCFF007195BD /* SpecificEventCell.swift */,
				A1742FFE227C82E700E26F82 /* LaunchScreen.storyboard */,
				A1742FF9227C82E600E26F82 /* Main.storyboard */,
				A1742FFC227C82E700E26F82 /* Assets.xcassets */,
			);
			path = Views;
			sourceTree = "<group>";
		};
		A122D3BD227CD81300E83791 /* Models */ = {
			isa = PBXGroup;
			children = (
				A1EC5EFD227DA53B007195BD /* Status.swift */,
				A122D3BE227CD83800E83791 /* Event.swift */,
				A122D3C0227CD99000E83791 /* Attendee.swift */,
				A126E94C227CB9D900E3AE5D /* Extensions.swift */,
				A1742FF5227C82E600E26F82 /* AppDelegate.swift */,
			);
			path = Models;
			sourceTree = "<group>";
		};
		A1742FE9227C82E600E26F82 = {
			isa = PBXGroup;
			children = (
				A1742FF4227C82E600E26F82 /* PwC task */,
				A1742FF3227C82E600E26F82 /* Products */,
				B04E0F3CABC2593B34D50BDE /* Pods */,
				EE06A4F99848EE6DF59ABADA /* Frameworks */,
			);
			sourceTree = "<group>";
		};
		A1742FF3227C82E600E26F82 /* Products */ = {
			isa = PBXGroup;
			children = (
				A1742FF2227C82E600E26F82 /* PwC task.app */,
			);
			name = Products;
			sourceTree = "<group>";
		};
		A1742FF4227C82E600E26F82 /* PwC task */ = {
			isa = PBXGroup;
			children = (
				A1EC5EFF227DA678007195BD /* API */,
				A122D3BD227CD81300E83791 /* Models */,
				A122D3BC227CD7B700E83791 /* Views */,
				A122D3BB227CD72600E83791 /* Controllers */,
				A122D3B7227CD09900E83791 /* Fonts */,
				A1743001227C82E700E26F82 /* Info.plist */,
				A122D3C2227CDCC500E83791 /* GoogleService-Info.plist */,
			);
			path = "PwC task";
			sourceTree = "<group>";
		};
		A1EC5EFF227DA678007195BD /* API */ = {
			isa = PBXGroup;
			children = (
				A1EC5EF9227DA2D7007195BD /* PwCEventAPI.swift */,
			);
			path = API;
			sourceTree = "<group>";
		};
		B04E0F3CABC2593B34D50BDE /* Pods */ = {
			isa = PBXGroup;
			children = (
				964FF40D7C742BB4BD5977F9 /* Pods-PwC task.debug.xcconfig */,
				8D3E0D7E3B9EB4C579D0AD75 /* Pods-PwC task.release.xcconfig */,
			);
			name = Pods;
			sourceTree = "<group>";
		};
		EE06A4F99848EE6DF59ABADA /* Frameworks */ = {
			isa = PBXGroup;
			children = (
				5570694EC46EB5063A9B00DF /* Pods_PwC_task.framework */,
			);
			name = Frameworks;
			sourceTree = "<group>";
		};
/* End PBXGroup section */

/* Begin PBXNativeTarget section */
		A1742FF1227C82E600E26F82 /* PwC task */ = {
			isa = PBXNativeTarget;
			buildConfigurationList = A1743004227C82E700E26F82 /* Build configuration list for PBXNativeTarget "PwC task" */;
			buildPhases = (
				79054EA0CE62EAD3D4DD7C41 /* [CP] Check Pods Manifest.lock */,
				A1742FEE227C82E600E26F82 /* Sources */,
				A1742FEF227C82E600E26F82 /* Frameworks */,
				A1742FF0227C82E600E26F82 /* Resources */,
				49353F482B723691D00F3739 /* [CP] Embed Pods Frameworks */,
			);
			buildRules = (
			);
			dependencies = (
			);
			name = "PwC task";
			productName = "PwC task";
			productReference = A1742FF2227C82E600E26F82 /* PwC task.app */;
			productType = "com.apple.product-type.application";
		};
/* End PBXNativeTarget section */

/* Begin PBXProject section */
		A1742FEA227C82E600E26F82 /* Project object */ = {
			isa = PBXProject;
			attributes = {
				LastSwiftUpdateCheck = 1010;
				LastUpgradeCheck = 1010;
				ORGANIZATIONNAME = "Christian Hjelmslund";
				TargetAttributes = {
					A1742FF1227C82E600E26F82 = {
						CreatedOnToolsVersion = 10.1;
					};
				};
			};
			buildConfigurationList = A1742FED227C82E600E26F82 /* Build configuration list for PBXProject "PwC task" */;
			compatibilityVersion = "Xcode 9.3";
			developmentRegion = en;
			hasScannedForEncodings = 0;
			knownRegions = (
				en,
				Base,
			);
			mainGroup = A1742FE9227C82E600E26F82;
			productRefGroup = A1742FF3227C82E600E26F82 /* Products */;
			projectDirPath = "";
			projectRoot = "";
			targets = (
				A1742FF1227C82E600E26F82 /* PwC task */,
			);
		};
/* End PBXProject section */

/* Begin PBXResourcesBuildPhase section */
		A1742FF0227C82E600E26F82 /* Resources */ = {
			isa = PBXResourcesBuildPhase;
			buildActionMask = 2147483647;
			files = (
				A1743000227C82E700E26F82 /* LaunchScreen.storyboard in Resources */,
				A1742FFD227C82E700E26F82 /* Assets.xcassets in Resources */,
				A122D3C3227CDCC500E83791 /* GoogleService-Info.plist in Resources */,
				A1742FFB227C82E600E26F82 /* Main.storyboard in Resources */,
				A122D3B8227CD09900E83791 /* Fonts in Resources */,
			);
			runOnlyForDeploymentPostprocessing = 0;
		};
/* End PBXResourcesBuildPhase section */

/* Begin PBXShellScriptBuildPhase section */
		49353F482B723691D00F3739 /* [CP] Embed Pods Frameworks */ = {
			isa = PBXShellScriptBuildPhase;
			buildActionMask = 2147483647;
			files = (
			);
			inputFileListPaths = (
			);
			inputPaths = (
				"${SRCROOT}/Pods/Target Support Files/Pods-PwC task/Pods-PwC task-frameworks.sh",
				"${BUILT_PRODUCTS_DIR}/GTMSessionFetcher/GTMSessionFetcher.framework",
				"${BUILT_PRODUCTS_DIR}/GoogleUtilities/GoogleUtilities.framework",
				"${BUILT_PRODUCTS_DIR}/SwiftyJSON/SwiftyJSON.framework",
				"${BUILT_PRODUCTS_DIR}/leveldb-library/leveldb.framework",
				"${BUILT_PRODUCTS_DIR}/nanopb/nanopb.framework",
			);
			name = "[CP] Embed Pods Frameworks";
			outputFileListPaths = (
			);
			outputPaths = (
				"${TARGET_BUILD_DIR}/${FRAMEWORKS_FOLDER_PATH}/GTMSessionFetcher.framework",
				"${TARGET_BUILD_DIR}/${FRAMEWORKS_FOLDER_PATH}/GoogleUtilities.framework",
				"${TARGET_BUILD_DIR}/${FRAMEWORKS_FOLDER_PATH}/SwiftyJSON.framework",
				"${TARGET_BUILD_DIR}/${FRAMEWORKS_FOLDER_PATH}/leveldb.framework",
				"${TARGET_BUILD_DIR}/${FRAMEWORKS_FOLDER_PATH}/nanopb.framework",
			);
			runOnlyForDeploymentPostprocessing = 0;
			shellPath = /bin/sh;
			shellScript = "\"${SRCROOT}/Pods/Target Support Files/Pods-PwC task/Pods-PwC task-frameworks.sh\"\n";
			showEnvVarsInLog = 0;
		};
		79054EA0CE62EAD3D4DD7C41 /* [CP] Check Pods Manifest.lock */ = {
			isa = PBXShellScriptBuildPhase;
			buildActionMask = 2147483647;
			files = (
			);
			inputFileListPaths = (
			);
			inputPaths = (
				"${PODS_PODFILE_DIR_PATH}/Podfile.lock",
				"${PODS_ROOT}/Manifest.lock",
			);
			name = "[CP] Check Pods Manifest.lock";
			outputFileListPaths = (
			);
			outputPaths = (
				"$(DERIVED_FILE_DIR)/Pods-PwC task-checkManifestLockResult.txt",
			);
			runOnlyForDeploymentPostprocessing = 0;
			shellPath = /bin/sh;
			shellScript = "diff \"${PODS_PODFILE_DIR_PATH}/Podfile.lock\" \"${PODS_ROOT}/Manifest.lock\" > /dev/null\nif [ $? != 0 ] ; then\n    # print error to STDERR\n    echo \"error: The sandbox is not in sync with the Podfile.lock. Run 'pod install' or update your CocoaPods installation.\" >&2\n    exit 1\nfi\n# This output is used by Xcode 'outputs' to avoid re-running this script phase.\necho \"SUCCESS\" > \"${SCRIPT_OUTPUT_FILE_0}\"\n";
			showEnvVarsInLog = 0;
		};
/* End PBXShellScriptBuildPhase section */

/* Begin PBXSourcesBuildPhase section */
		A1742FEE227C82E600E26F82 /* Sources */ = {
			isa = PBXSourcesBuildPhase;
			buildActionMask = 2147483647;
			files = (
				A126E94F227CBC4000E3AE5D /* LaunchVC.swift in Sources */,
				A122D3BA227CD71700E83791 /* MainVC.swift in Sources */,
				A1EC5F01227DB031007195BD /* EventCell.swift in Sources */,
				A1EC5EFA227DA2D8007195BD /* PwCEventAPI.swift in Sources */,
				A126E94D227CB9D900E3AE5D /* Extensions.swift in Sources */,
				A122D3B6227CC7EE00E83791 /* LoginVC.swift in Sources */,
				A1EC5EFE227DA53B007195BD /* Status.swift in Sources */,
				A122D3BF227CD83800E83791 /* Event.swift in Sources */,
				A1EC5F09227DEF54007195BD /* AddEventVC.swift in Sources */,
				A122D3C1227CD99000E83791 /* Attendee.swift in Sources */,
				A1742FF6227C82E600E26F82 /* AppDelegate.swift in Sources */,
				A1EC5F07227DDCFF007195BD /* SpecificEventCell.swift in Sources */,
				A1EC5F03227DC098007195BD /* EventVC.swift in Sources */,
			);
			runOnlyForDeploymentPostprocessing = 0;
		};
/* End PBXSourcesBuildPhase section */

/* Begin PBXVariantGroup section */
		A1742FF9227C82E600E26F82 /* Main.storyboard */ = {
			isa = PBXVariantGroup;
			children = (
				A1742FFA227C82E600E26F82 /* Base */,
			);
			name = Main.storyboard;
			sourceTree = "<group>";
		};
		A1742FFE227C82E700E26F82 /* LaunchScreen.storyboard */ = {
			isa = PBXVariantGroup;
			children = (
				A1742FFF227C82E700E26F82 /* Base */,
			);
			name = LaunchScreen.storyboard;
			sourceTree = "<group>";
		};
/* End PBXVariantGroup section */

/* Begin XCBuildConfiguration section */
		A1743002227C82E700E26F82 /* Debug */ = {
			isa = XCBuildConfiguration;
			buildSettings = {
				ALWAYS_SEARCH_USER_PATHS = NO;
				CLANG_ANALYZER_NONNULL = YES;
				CLANG_ANALYZER_NUMBER_OBJECT_CONVERSION = YES_AGGRESSIVE;
				CLANG_CXX_LANGUAGE_STANDARD = "gnu++14";
				CLANG_CXX_LIBRARY = "libc++";
				CLANG_ENABLE_MODULES = YES;
				CLANG_ENABLE_OBJC_ARC = YES;
				CLANG_ENABLE_OBJC_WEAK = YES;
				CLANG_WARN_BLOCK_CAPTURE_AUTORELEASING = YES;
				CLANG_WARN_BOOL_CONVERSION = YES;
				CLANG_WARN_COMMA = YES;
				CLANG_WARN_CONSTANT_CONVERSION = YES;
				CLANG_WARN_DEPRECATED_OBJC_IMPLEMENTATIONS = YES;
				CLANG_WARN_DIRECT_OBJC_ISA_USAGE = YES_ERROR;
				CLANG_WARN_DOCUMENTATION_COMMENTS = YES;
				CLANG_WARN_EMPTY_BODY = YES;
				CLANG_WARN_ENUM_CONVERSION = YES;
				CLANG_WARN_INFINITE_RECURSION = YES;
				CLANG_WARN_INT_CONVERSION = YES;
				CLANG_WARN_NON_LITERAL_NULL_CONVERSION = YES;
				CLANG_WARN_OBJC_IMPLICIT_RETAIN_SELF = YES;
				CLANG_WARN_OBJC_LITERAL_CONVERSION = YES;
				CLANG_WARN_OBJC_ROOT_CLASS = YES_ERROR;
				CLANG_WARN_RANGE_LOOP_ANALYSIS = YES;
				CLANG_WARN_STRICT_PROTOTYPES = YES;
				CLANG_WARN_SUSPICIOUS_MOVE = YES;
				CLANG_WARN_UNGUARDED_AVAILABILITY = YES_AGGRESSIVE;
				CLANG_WARN_UNREACHABLE_CODE = YES;
				CLANG_WARN__DUPLICATE_METHOD_MATCH = YES;
				CODE_SIGN_IDENTITY = "iPhone Developer";
				COPY_PHASE_STRIP = NO;
				DEBUG_INFORMATION_FORMAT = dwarf;
				ENABLE_STRICT_OBJC_MSGSEND = YES;
				ENABLE_TESTABILITY = YES;
				GCC_C_LANGUAGE_STANDARD = gnu11;
				GCC_DYNAMIC_NO_PIC = NO;
				GCC_NO_COMMON_BLOCKS = YES;
				GCC_OPTIMIZATION_LEVEL = 0;
				GCC_PREPROCESSOR_DEFINITIONS = (
					"DEBUG=1",
					"$(inherited)",
				);
				GCC_WARN_64_TO_32_BIT_CONVERSION = YES;
				GCC_WARN_ABOUT_RETURN_TYPE = YES_ERROR;
				GCC_WARN_UNDECLARED_SELECTOR = YES;
				GCC_WARN_UNINITIALIZED_AUTOS = YES_AGGRESSIVE;
				GCC_WARN_UNUSED_FUNCTION = YES;
				GCC_WARN_UNUSED_VARIABLE = YES;
				IPHONEOS_DEPLOYMENT_TARGET = 12.1;
				MTL_ENABLE_DEBUG_INFO = INCLUDE_SOURCE;
				MTL_FAST_MATH = YES;
				ONLY_ACTIVE_ARCH = YES;
				SDKROOT = iphoneos;
				SWIFT_ACTIVE_COMPILATION_CONDITIONS = DEBUG;
				SWIFT_OPTIMIZATION_LEVEL = "-Onone";
			};
			name = Debug;
		};
		A1743003227C82E700E26F82 /* Release */ = {
			isa = XCBuildConfiguration;
			buildSettings = {
				ALWAYS_SEARCH_USER_PATHS = NO;
				CLANG_ANALYZER_NONNULL = YES;
				CLANG_ANALYZER_NUMBER_OBJECT_CONVERSION = YES_AGGRESSIVE;
				CLANG_CXX_LANGUAGE_STANDARD = "gnu++14";
				CLANG_CXX_LIBRARY = "libc++";
				CLANG_ENABLE_MODULES = YES;
				CLANG_ENABLE_OBJC_ARC = YES;
				CLANG_ENABLE_OBJC_WEAK = YES;
				CLANG_WARN_BLOCK_CAPTURE_AUTORELEASING = YES;
				CLANG_WARN_BOOL_CONVERSION = YES;
				CLANG_WARN_COMMA = YES;
				CLANG_WARN_CONSTANT_CONVERSION = YES;
				CLANG_WARN_DEPRECATED_OBJC_IMPLEMENTATIONS = YES;
				CLANG_WARN_DIRECT_OBJC_ISA_USAGE = YES_ERROR;
				CLANG_WARN_DOCUMENTATION_COMMENTS = YES;
				CLANG_WARN_EMPTY_BODY = YES;
				CLANG_WARN_ENUM_CONVERSION = YES;
				CLANG_WARN_INFINITE_RECURSION = YES;
				CLANG_WARN_INT_CONVERSION = YES;
				CLANG_WARN_NON_LITERAL_NULL_CONVERSION = YES;
				CLANG_WARN_OBJC_IMPLICIT_RETAIN_SELF = YES;
				CLANG_WARN_OBJC_LITERAL_CONVERSION = YES;
				CLANG_WARN_OBJC_ROOT_CLASS = YES_ERROR;
				CLANG_WARN_RANGE_LOOP_ANALYSIS = YES;
				CLANG_WARN_STRICT_PROTOTYPES = YES;
				CLANG_WARN_SUSPICIOUS_MOVE = YES;
				CLANG_WARN_UNGUARDED_AVAILABILITY = YES_AGGRESSIVE;
				CLANG_WARN_UNREACHABLE_CODE = YES;
				CLANG_WARN__DUPLICATE_METHOD_MATCH = YES;
				CODE_SIGN_IDENTITY = "iPhone Developer";
				COPY_PHASE_STRIP = NO;
				DEBUG_INFORMATION_FORMAT = "dwarf-with-dsym";
				ENABLE_NS_ASSERTIONS = NO;
				ENABLE_STRICT_OBJC_MSGSEND = YES;
				GCC_C_LANGUAGE_STANDARD = gnu11;
				GCC_NO_COMMON_BLOCKS = YES;
				GCC_WARN_64_TO_32_BIT_CONVERSION = YES;
				GCC_WARN_ABOUT_RETURN_TYPE = YES_ERROR;
				GCC_WARN_UNDECLARED_SELECTOR = YES;
				GCC_WARN_UNINITIALIZED_AUTOS = YES_AGGRESSIVE;
				GCC_WARN_UNUSED_FUNCTION = YES;
				GCC_WARN_UNUSED_VARIABLE = YES;
				IPHONEOS_DEPLOYMENT_TARGET = 12.1;
				MTL_ENABLE_DEBUG_INFO = NO;
				MTL_FAST_MATH = YES;
				SDKROOT = iphoneos;
				SWIFT_COMPILATION_MODE = wholemodule;
				SWIFT_OPTIMIZATION_LEVEL = "-O";
				VALIDATE_PRODUCT = YES;
			};
			name = Release;
		};
		A1743005227C82E700E26F82 /* Debug */ = {
			isa = XCBuildConfiguration;
			baseConfigurationReference = 964FF40D7C742BB4BD5977F9 /* Pods-PwC task.debug.xcconfig */;
			buildSettings = {
				ASSETCATALOG_COMPILER_APPICON_NAME = AppIcon;
				CODE_SIGN_STYLE = Automatic;
				DEVELOPMENT_TEAM = 89RE53M4T5;
				INFOPLIST_FILE = "PwC task/Info.plist";
				LD_RUNPATH_SEARCH_PATHS = (
					"$(inherited)",
					"@executable_path/Frameworks",
				);
				PRODUCT_BUNDLE_IDENTIFIER = "christianhjelmslund.PwC-task";
				PRODUCT_NAME = "$(TARGET_NAME)";
				SWIFT_VERSION = 4.2;
				TARGETED_DEVICE_FAMILY = "1,2";
			};
			name = Debug;
		};
		A1743006227C82E700E26F82 /* Release */ = {
			isa = XCBuildConfiguration;
			baseConfigurationReference = 8D3E0D7E3B9EB4C579D0AD75 /* Pods-PwC task.release.xcconfig */;
			buildSettings = {
				ASSETCATALOG_COMPILER_APPICON_NAME = AppIcon;
				CODE_SIGN_STYLE = Automatic;
				DEVELOPMENT_TEAM = 89RE53M4T5;
				INFOPLIST_FILE = "PwC task/Info.plist";
				LD_RUNPATH_SEARCH_PATHS = (
					"$(inherited)",
					"@executable_path/Frameworks",
				);
				PRODUCT_BUNDLE_IDENTIFIER = "christianhjelmslund.PwC-task";
				PRODUCT_NAME = "$(TARGET_NAME)";
				SWIFT_VERSION = 4.2;
				TARGETED_DEVICE_FAMILY = "1,2";
			};
			name = Release;
		};
/* End XCBuildConfiguration section */

/* Begin XCConfigurationList section */
		A1742FED227C82E600E26F82 /* Build configuration list for PBXProject "PwC task" */ = {
			isa = XCConfigurationList;
			buildConfigurations = (
				A1743002227C82E700E26F82 /* Debug */,
				A1743003227C82E700E26F82 /* Release */,
			);
			defaultConfigurationIsVisible = 0;
			defaultConfigurationName = Release;
		};
		A1743004227C82E700E26F82 /* Build configuration list for PBXNativeTarget "PwC task" */ = {
			isa = XCConfigurationList;
			buildConfigurations = (
				A1743005227C82E700E26F82 /* Debug */,
				A1743006227C82E700E26F82 /* Release */,
			);
			defaultConfigurationIsVisible = 0;
			defaultConfigurationName = Release;
		};
/* End XCConfigurationList section */
	};
	rootObject = A1742FEA227C82E600E26F82 /* Project object */;
}
